
Microsoft Visual Studio Solution File, Format Version 12.00
# Visual Studio Version 17
VisualStudioVersion = 17.9.34728.123
MinimumVisualStudioVersion = 10.0.40219.1
Project("{FAE04EC0-301F-11D3-BF4B-00C04F79EFBC}") = "Haukcode.Network", "src\Haukcode.Network.csproj", "{4A1735E2-6616-4256-AAD7-B914AFFB6185}"
EndProject
Global
	GlobalSection(SolutionConfigurationPlatforms) = preSolution
		Debug|Any CPU = Debug|Any CPU
		Release|Any CPU = Release|Any CPU
	EndGlobalSection
	GlobalSection(ProjectConfigurationPlatforms) = postSolution
		{4A1735E2-6616-4256-AAD7-B914AFFB6185}.Debug|Any CPU.ActiveCfg = Debug|Any CPU
		{4A1735E2-6616-4256-AAD7-B914AFFB6185}.Debug|Any CPU.Build.0 = Debug|Any CPU
		{4A1735E2-6616-4256-AAD7-B914AFFB6185}.Release|Any CPU.ActiveCfg = Release|Any CPU
		{4A1735E2-6616-4256-AAD7-B914AFFB6185}.Release|Any CPU.Build.0 = Release|Any CPU
	EndGlobalSection
	GlobalSection(SolutionProperties) = preSolution
		HideSolutionNode = FALSE
	EndGlobalSection
	GlobalSection(ExtensibilityGlobals) = postSolution
		SolutionGuid = {556C2B0D-C86C-44D2-AC29-A6D4BC7CC8D2}
	EndGlobalSection
EndGlobal
